
Microsoft Visual Studio Solution File, Format Version 11.00
# Visual Studio 2010
Project("{FAE04EC0-301F-11D3-BF4B-00C04F79EFBC}") = "Ex1", "Ex1\Ex1.csproj", "{38A76235-C8A0-455B-AF4B-8A99E391DDBC}"
EndProject
Project("{FAE04EC0-301F-11D3-BF4B-00C04F79EFBC}") = "Ex2", "Ex2\Ex2.csproj", "{BD00124C-6EC1-492B-8237-153484DD320D}"
EndProject
Project("{FAE04EC0-301F-11D3-BF4B-00C04F79EFBC}") = "Ex3", "Ex3\Ex3.csproj", "{ED5CBD06-F327-4735-9B7A-C30D3F8FC127}"
EndProject
Project("{FAE04EC0-301F-11D3-BF4B-00C04F79EFBC}") = "Ex4", "Ex4\Ex4.csproj", "{6F8F293F-BC67-4667-947E-657C72C55A40}"
EndProject
Project("{FAE04EC0-301F-11D3-BF4B-00C04F79EFBC}") = "Ex5", "Ex5\Ex5.csproj", "{9815E008-2BB2-4288-8B09-E77F5E91655C}"
EndProject
Project("{FAE04EC0-301F-11D3-BF4B-00C04F79EFBC}") = "Ex6", "Ex6\Ex6.csproj", "{59B21501-08A9-44A7-9F28-FC89C722FDB6}"
EndProject
Project("{FAE04EC0-301F-11D3-BF4B-00C04F79EFBC}") = "Ex7", "Ex7\Ex7.csproj", "{8FF12B83-60B6-45A1-977D-AA1CC156614F}"
EndProject
Project("{FAE04EC0-301F-11D3-BF4B-00C04F79EFBC}") = "Ex8", "Ex8\Ex8.csproj", "{FBBBE739-C9FA-4DFE-8530-55D9479BFFCC}"
EndProject
Project("{FAE04EC0-301F-11D3-BF4B-00C04F79EFBC}") = "Ex9", "Ex9\Ex9.csproj", "{555070E7-DB97-4B2F-9A6E-115BC8BECD3A}"
EndProject
Project("{FAE04EC0-301F-11D3-BF4B-00C04F79EFBC}") = "Ex91", "Ex91\Ex91.csproj", "{991F68FE-8585-4533-9D71-5FB5648CB6EC}"
EndProject
Project("{FAE04EC0-301F-11D3-BF4B-00C04F79EFBC}") = "Ex92", "Ex92\Ex92.csproj", "{38863E36-E4C1-401B-A21A-3210E712DBAE}"
EndProject
Project("{FAE04EC0-301F-11D3-BF4B-00C04F79EFBC}") = "Ex93", "Ex93\Ex93.csproj", "{855694F5-FAC4-4D76-989D-252881DE1586}"
EndProject
Project("{FAE04EC0-301F-11D3-BF4B-00C04F79EFBC}") = "Ex94", "Ex94\Ex94.csproj", "{43BBFF9A-4A6B-41AB-B340-3C0D32F4966A}"
EndProject
Project("{FAE04EC0-301F-11D3-BF4B-00C04F79EFBC}") = "Ex95", "Ex95\Ex95.csproj", "{44376C38-DC25-40E0-98FA-63D08A45AEEA}"
EndProject
Project("{FAE04EC0-301F-11D3-BF4B-00C04F79EFBC}") = "Ex96", "Ex96\Ex96.csproj", "{B0049FA4-99C3-43F4-800F-4EBC4312B87B}"
EndProject
Project("{FAE04EC0-301F-11D3-BF4B-00C04F79EFBC}") = "Ex97", "Ex97\Ex97.csproj", "{1442AAF1-490B-4999-8AF0-510ACA54ABD0}"
EndProject
Project("{FAE04EC0-301F-11D3-BF4B-00C04F79EFBC}") = "Ex98", "Ex98\Ex98.csproj", "{A058C541-E9F5-4AAE-B68E-11BC54947FCA}"
EndProject
Project("{FAE04EC0-301F-11D3-BF4B-00C04F79EFBC}") = "Ex99", "Ex99\Ex99.csproj", "{DF035AD4-C85E-4F46-B734-5B7136173D9E}"
EndProject
Global
	GlobalSection(SolutionConfigurationPlatforms) = preSolution
		Debug|x86 = Debug|x86
		Release|x86 = Release|x86
	EndGlobalSection
	GlobalSection(ProjectConfigurationPlatforms) = postSolution
		{38A76235-C8A0-455B-AF4B-8A99E391DDBC}.Debug|x86.ActiveCfg = Debug|x86
		{38A76235-C8A0-455B-AF4B-8A99E391DDBC}.Debug|x86.Build.0 = Debug|x86
		{38A76235-C8A0-455B-AF4B-8A99E391DDBC}.Release|x86.ActiveCfg = Release|x86
		{38A76235-C8A0-455B-AF4B-8A99E391DDBC}.Release|x86.Build.0 = Release|x86
		{BD00124C-6EC1-492B-8237-153484DD320D}.Debug|x86.ActiveCfg = Debug|x86
		{BD00124C-6EC1-492B-8237-153484DD320D}.Debug|x86.Build.0 = Debug|x86
		{BD00124C-6EC1-492B-8237-153484DD320D}.Release|x86.ActiveCfg = Release|x86
		{BD00124C-6EC1-492B-8237-153484DD320D}.Release|x86.Build.0 = Release|x86
		{ED5CBD06-F327-4735-9B7A-C30D3F8FC127}.Debug|x86.ActiveCfg = Debug|x86
		{ED5CBD06-F327-4735-9B7A-C30D3F8FC127}.Debug|x86.Build.0 = Debug|x86
		{ED5CBD06-F327-4735-9B7A-C30D3F8FC127}.Release|x86.ActiveCfg = Release|x86
		{ED5CBD06-F327-4735-9B7A-C30D3F8FC127}.Release|x86.Build.0 = Release|x86
		{6F8F293F-BC67-4667-947E-657C72C55A40}.Debug|x86.ActiveCfg = Debug|x86
		{6F8F293F-BC67-4667-947E-657C72C55A40}.Debug|x86.Build.0 = Debug|x86
		{6F8F293F-BC67-4667-947E-657C72C55A40}.Release|x86.ActiveCfg = Release|x86
		{6F8F293F-BC67-4667-947E-657C72C55A40}.Release|x86.Build.0 = Release|x86
		{9815E008-2BB2-4288-8B09-E77F5E91655C}.Debug|x86.ActiveCfg = Debug|x86
		{9815E008-2BB2-4288-8B09-E77F5E91655C}.Debug|x86.Build.0 = Debug|x86
		{9815E008-2BB2-4288-8B09-E77F5E91655C}.Release|x86.ActiveCfg = Release|x86
		{9815E008-2BB2-4288-8B09-E77F5E91655C}.Release|x86.Build.0 = Release|x86
		{59B21501-08A9-44A7-9F28-FC89C722FDB6}.Debug|x86.ActiveCfg = Debug|x86
		{59B21501-08A9-44A7-9F28-FC89C722FDB6}.Debug|x86.Build.0 = Debug|x86
		{59B21501-08A9-44A7-9F28-FC89C722FDB6}.Release|x86.ActiveCfg = Release|x86
		{59B21501-08A9-44A7-9F28-FC89C722FDB6}.Release|x86.Build.0 = Release|x86
		{8FF12B83-60B6-45A1-977D-AA1CC156614F}.Debug|x86.ActiveCfg = Debug|x86
		{8FF12B83-60B6-45A1-977D-AA1CC156614F}.Debug|x86.Build.0 = Debug|x86
		{8FF12B83-60B6-45A1-977D-AA1CC156614F}.Release|x86.ActiveCfg = Release|x86
		{8FF12B83-60B6-45A1-977D-AA1CC156614F}.Release|x86.Build.0 = Release|x86
		{FBBBE739-C9FA-4DFE-8530-55D9479BFFCC}.Debug|x86.ActiveCfg = Debug|x86
		{FBBBE739-C9FA-4DFE-8530-55D9479BFFCC}.Debug|x86.Build.0 = Debug|x86
		{FBBBE739-C9FA-4DFE-8530-55D9479BFFCC}.Release|x86.ActiveCfg = Release|x86
		{FBBBE739-C9FA-4DFE-8530-55D9479BFFCC}.Release|x86.Build.0 = Release|x86
		{555070E7-DB97-4B2F-9A6E-115BC8BECD3A}.Debug|x86.ActiveCfg = Debug|x86
		{555070E7-DB97-4B2F-9A6E-115BC8BECD3A}.Debug|x86.Build.0 = Debug|x86
		{555070E7-DB97-4B2F-9A6E-115BC8BECD3A}.Release|x86.ActiveCfg = Release|x86
		{555070E7-DB97-4B2F-9A6E-115BC8BECD3A}.Release|x86.Build.0 = Release|x86
		{991F68FE-8585-4533-9D71-5FB5648CB6EC}.Debug|x86.ActiveCfg = Debug|x86
		{991F68FE-8585-4533-9D71-5FB5648CB6EC}.Debug|x86.Build.0 = Debug|x86
		{991F68FE-8585-4533-9D71-5FB5648CB6EC}.Release|x86.ActiveCfg = Release|x86
		{991F68FE-8585-4533-9D71-5FB5648CB6EC}.Release|x86.Build.0 = Release|x86
		{38863E36-E4C1-401B-A21A-3210E712DBAE}.Debug|x86.ActiveCfg = Debug|x86
		{38863E36-E4C1-401B-A21A-3210E712DBAE}.Debug|x86.Build.0 = Debug|x86
		{38863E36-E4C1-401B-A21A-3210E712DBAE}.Release|x86.ActiveCfg = Release|x86
		{38863E36-E4C1-401B-A21A-3210E712DBAE}.Release|x86.Build.0 = Release|x86
		{855694F5-FAC4-4D76-989D-252881DE1586}.Debug|x86.ActiveCfg = Debug|x86
		{855694F5-FAC4-4D76-989D-252881DE1586}.Debug|x86.Build.0 = Debug|x86
		{855694F5-FAC4-4D76-989D-252881DE1586}.Release|x86.ActiveCfg = Release|x86
		{855694F5-FAC4-4D76-989D-252881DE1586}.Release|x86.Build.0 = Release|x86
		{43BBFF9A-4A6B-41AB-B340-3C0D32F4966A}.Debug|x86.ActiveCfg = Debug|x86
		{43BBFF9A-4A6B-41AB-B340-3C0D32F4966A}.Debug|x86.Build.0 = Debug|x86
		{43BBFF9A-4A6B-41AB-B340-3C0D32F4966A}.Release|x86.ActiveCfg = Release|x86
		{43BBFF9A-4A6B-41AB-B340-3C0D32F4966A}.Release|x86.Build.0 = Release|x86
		{44376C38-DC25-40E0-98FA-63D08A45AEEA}.Debug|x86.ActiveCfg = Debug|x86
		{44376C38-DC25-40E0-98FA-63D08A45AEEA}.Debug|x86.Build.0 = Debug|x86
		{44376C38-DC25-40E0-98FA-63D08A45AEEA}.Release|x86.ActiveCfg = Release|x86
		{44376C38-DC25-40E0-98FA-63D08A45AEEA}.Release|x86.Build.0 = Release|x86
		{B0049FA4-99C3-43F4-800F-4EBC4312B87B}.Debug|x86.ActiveCfg = Debug|x86
		{B0049FA4-99C3-43F4-800F-4EBC4312B87B}.Debug|x86.Build.0 = Debug|x86
		{B0049FA4-99C3-43F4-800F-4EBC4312B87B}.Release|x86.ActiveCfg = Release|x86
		{B0049FA4-99C3-43F4-800F-4EBC4312B87B}.Release|x86.Build.0 = Release|x86
		{1442AAF1-490B-4999-8AF0-510ACA54ABD0}.Debug|x86.ActiveCfg = Debug|x86
		{1442AAF1-490B-4999-8AF0-510ACA54ABD0}.Debug|x86.Build.0 = Debug|x86
		{1442AAF1-490B-4999-8AF0-510ACA54ABD0}.Release|x86.ActiveCfg = Release|x86
		{1442AAF1-490B-4999-8AF0-510ACA54ABD0}.Release|x86.Build.0 = Release|x86
		{A058C541-E9F5-4AAE-B68E-11BC54947FCA}.Debug|x86.ActiveCfg = Debug|x86
		{A058C541-E9F5-4AAE-B68E-11BC54947FCA}.Debug|x86.Build.0 = Debug|x86
		{A058C541-E9F5-4AAE-B68E-11BC54947FCA}.Release|x86.ActiveCfg = Release|x86
		{A058C541-E9F5-4AAE-B68E-11BC54947FCA}.Release|x86.Build.0 = Release|x86
		{DF035AD4-C85E-4F46-B734-5B7136173D9E}.Debug|x86.ActiveCfg = Debug|x86
		{DF035AD4-C85E-4F46-B734-5B7136173D9E}.Debug|x86.Build.0 = Debug|x86
		{DF035AD4-C85E-4F46-B734-5B7136173D9E}.Release|x86.ActiveCfg = Release|x86
		{DF035AD4-C85E-4F46-B734-5B7136173D9E}.Release|x86.Build.0 = Release|x86
	EndGlobalSection
	GlobalSection(SolutionProperties) = preSolution
		HideSolutionNode = FALSE
	EndGlobalSection
EndGlobal
